
Microsoft Visual Studio Solution File, Format Version 12.00
# Visual Studio Version 16
VisualStudioVersion = 16.0.28922.388
MinimumVisualStudioVersion = 10.0.40219.1
Project("{FAE04EC0-301F-11D3-BF4B-00C04F79EFBC}") = "ConfiguringApps", "ConfiguringApps\ConfiguringApps.csproj", "{82D5B561-69C5-406E-8E32-071B95D7461D}"
EndProject
Global
	GlobalSection(SolutionConfigurationPlatforms) = preSolution
		Debug|Any CPU = Debug|Any CPU
		Release|Any CPU = Release|Any CPU
	EndGlobalSection
	GlobalSection(ProjectConfigurationPlatforms) = postSolution
		{82D5B561-69C5-406E-8E32-071B95D7461D}.Debug|Any CPU.ActiveCfg = Debug|Any CPU
		{82D5B561-69C5-406E-8E32-071B95D7461D}.Debug|Any CPU.Build.0 = Debug|Any CPU
		{82D5B561-69C5-406E-8E32-071B95D7461D}.Release|Any CPU.ActiveCfg = Release|Any CPU
		{82D5B561-69C5-406E-8E32-071B95D7461D}.Release|Any CPU.Build.0 = Release|Any CPU
	EndGlobalSection
	GlobalSection(SolutionProperties) = preSolution
		HideSolutionNode = FALSE
	EndGlobalSection
	GlobalSection(ExtensibilityGlobals) = postSolution
		SolutionGuid = {CE7D013A-DD92-4057-BA29-C407F1AE7F02}
	EndGlobalSection
EndGlobal
